
Microsoft Visual Studio Solution File, Format Version 12.00
# Visual Studio 14
VisualStudioVersion = 14.0.25420.1
MinimumVisualStudioVersion = 10.0.40219.1
Project("{8BC9CEB8-8B4A-11D0-8D11-00A0C91BC942}") = "SetWindowsHookExDemo", "SetWindowsHookExDemo\SetWindowsHookExDemo.vcxproj", "{3346C852-2174-4218-AD22-346C9C450A8A}"
EndProject
Project("{8BC9CEB8-8B4A-11D0-8D11-00A0C91BC942}") = "SetWindowsHookExDemoDLL", "SetWindowsHookExDemoDLL\SetWindowsHookExDemoDLL.vcxproj", "{EB31AB37-24B6-4F50-BE23-B5A139C76E56}"
EndProject
Global
	GlobalSection(SolutionConfigurationPlatforms) = preSolution
		Debug|x64 = Debug|x64
		Debug|x86 = Debug|x86
		Release|x64 = Release|x64
		Release|x86 = Release|x86
	EndGlobalSection
	GlobalSection(ProjectConfigurationPlatforms) = postSolution
		{3346C852-2174-4218-AD22-346C9C450A8A}.Debug|x64.ActiveCfg = Debug|x64
		{3346C852-2174-4218-AD22-346C9C450A8A}.Debug|x64.Build.0 = Debug|x64
		{3346C852-2174-4218-AD22-346C9C450A8A}.Debug|x86.ActiveCfg = Debug|Win32
		{3346C852-2174-4218-AD22-346C9C450A8A}.Debug|x86.Build.0 = Debug|Win32
		{3346C852-2174-4218-AD22-346C9C450A8A}.Release|x64.ActiveCfg = Release|x64
		{3346C852-2174-4218-AD22-346C9C450A8A}.Release|x64.Build.0 = Release|x64
		{3346C852-2174-4218-AD22-346C9C450A8A}.Release|x86.ActiveCfg = Release|Win32
		{3346C852-2174-4218-AD22-346C9C450A8A}.Release|x86.Build.0 = Release|Win32
		{EB31AB37-24B6-4F50-BE23-B5A139C76E56}.Debug|x64.ActiveCfg = Debug|x64
		{EB31AB37-24B6-4F50-BE23-B5A139C76E56}.Debug|x64.Build.0 = Debug|x64
		{EB31AB37-24B6-4F50-BE23-B5A139C76E56}.Debug|x86.ActiveCfg = Debug|Win32
		{EB31AB37-24B6-4F50-BE23-B5A139C76E56}.Debug|x86.Build.0 = Debug|Win32
		{EB31AB37-24B6-4F50-BE23-B5A139C76E56}.Release|x64.ActiveCfg = Release|x64
		{EB31AB37-24B6-4F50-BE23-B5A139C76E56}.Release|x64.Build.0 = Release|x64
		{EB31AB37-24B6-4F50-BE23-B5A139C76E56}.Release|x86.ActiveCfg = Release|Win32
		{EB31AB37-24B6-4F50-BE23-B5A139C76E56}.Release|x86.Build.0 = Release|Win32
	EndGlobalSection
	GlobalSection(SolutionProperties) = preSolution
		HideSolutionNode = FALSE
	EndGlobalSection
EndGlobal
